// !$*UTF8*$!
{
	archiveVersion = 1;
	classes = {
	};
	objectVersion = 50;
	objects = {

/* Begin PBXBuildFile section */
		2B497A47235D694E0015BA47 /* AppDelegate.swift in Sources */ = {isa = PBXBuildFile; fileRef = 2B497A46235D694E0015BA47 /* AppDelegate.swift */; };
		2B497A49235D694E0015BA47 /* ViewController.swift in Sources */ = {isa = PBXBuildFile; fileRef = 2B497A48235D694E0015BA47 /* ViewController.swift */; };
		2B497A4C235D694E0015BA47 /* Main.storyboard in Resources */ = {isa = PBXBuildFile; fileRef = 2B497A4A235D694E0015BA47 /* Main.storyboard */; };
		2B497A4E235D694F0015BA47 /* Assets.xcassets in Resources */ = {isa = PBXBuildFile; fileRef = 2B497A4D235D694F0015BA47 /* Assets.xcassets */; };
		2B497A51235D694F0015BA47 /* LaunchScreen.storyboard in Resources */ = {isa = PBXBuildFile; fileRef = 2B497A4F235D694F0015BA47 /* LaunchScreen.storyboard */; };
		2B497A5C235D694F0015BA47 /* kbManagerDemoTests.swift in Sources */ = {isa = PBXBuildFile; fileRef = 2B497A5B235D694F0015BA47 /* kbManagerDemoTests.swift */; };
/* End PBXBuildFile section */

/* Begin PBXContainerItemProxy section */
		2B497A58235D694F0015BA47 /* PBXContainerItemProxy */ = {
			isa = PBXContainerItemProxy;
			containerPortal = 2B497A3B235D694E0015BA47 /* Project object */;
			proxyType = 1;
			remoteGlobalIDString = 2B497A42235D694E0015BA47;
			remoteInfo = kbManagerDemo;
		};
/* End PBXContainerItemProxy section */

/* Begin PBXFileReference section */
		2B497A43235D694E0015BA47 /* kbManagerDemo.app */ = {isa = PBXFileReference; explicitFileType = wrapper.application; includeInIndex = 0; path = kbManagerDemo.app; sourceTree = BUILT_PRODUCTS_DIR; };
		2B497A46235D694E0015BA47 /* AppDelegate.swift */ = {isa = PBXFileReference; lastKnownFileType = sourcecode.swift; path = AppDelegate.swift; sourceTree = "<group>"; };
		2B497A48235D694E0015BA47 /* ViewController.swift */ = {isa = PBXFileReference; lastKnownFileType = sourcecode.swift; path = ViewController.swift; sourceTree = "<group>"; };
		2B497A4B235D694E0015BA47 /* Base */ = {isa = PBXFileReference; lastKnownFileType = file.storyboard; name = Base; path = Base.lproj/Main.storyboard; sourceTree = "<group>"; };
		2B497A4D235D694F0015BA47 /* Assets.xcassets */ = {isa = PBXFileReference; lastKnownFileType = folder.assetcatalog; path = Assets.xcassets; sourceTree = "<group>"; };
		2B497A50235D694F0015BA47 /* Base */ = {isa = PBXFileReference; lastKnownFileType = file.storyboard; name = Base; path = Base.lproj/LaunchScreen.storyboard; sourceTree = "<group>"; };
		2B497A52235D694F0015BA47 /* Info.plist */ = {isa = PBXFileReference; lastKnownFileType = text.plist.xml; path = Info.plist; sourceTree = "<group>"; };
		2B497A57235D694F0015BA47 /* kbManagerDemoTests.xctest */ = {isa = PBXFileReference; explicitFileType = wrapper.cfbundle; includeInIndex = 0; path = kbManagerDemoTests.xctest; sourceTree = BUILT_PRODUCTS_DIR; };
		2B497A5B235D694F0015BA47 /* kbManagerDemoTests.swift */ = {isa = PBXFileReference; lastKnownFileType = sourcecode.swift; path = kbManagerDemoTests.swift; sourceTree = "<group>"; };
		2B497A5D235D694F0015BA47 /* Info.plist */ = {isa = PBXFileReference; lastKnownFileType = text.plist.xml; path = Info.plist; sourceTree = "<group>"; };
/* End PBXFileReference section */

/* Begin PBXFrameworksBuildPhase section */
		2B497A40235D694E0015BA47 /* Frameworks */ = {
			isa = PBXFrameworksBuildPhase;
			buildActionMask = 2147483647;
			files = (
			);
			runOnlyForDeploymentPostprocessing = 0;
		};
		2B497A54235D694F0015BA47 /* Frameworks */ = {
			isa = PBXFrameworksBuildPhase;
			buildActionMask = 2147483647;
			files = (
			);
			runOnlyForDeploymentPostprocessing = 0;
		};
/* End PBXFrameworksBuildPhase section */

/* Begin PBXGroup section */
		2B497A3A235D694E0015BA47 = {
			isa = PBXGroup;
			children = (
				2B497A45235D694E0015BA47 /* kbManagerDemo */,
				2B497A5A235D694F0015BA47 /* kbManagerDemoTests */,
				2B497A44235D694E0015BA47 /* Products */,
			);
			sourceTree = "<group>";
		};
		2B497A44235D694E0015BA47 /* Products */ = {
			isa = PBXGroup;
			children = (
				2B497A43235D694E0015BA47 /* kbManagerDemo.app */,
				2B497A57235D694F0015BA47 /* kbManagerDemoTests.xctest */,
			);
			name = Products;
			sourceTree = "<group>";
		};
		2B497A45235D694E0015BA47 /* kbManagerDemo */ = {
			isa = PBXGroup;
			children = (
				2B497A46235D694E0015BA47 /* AppDelegate.swift */,
				2B497A48235D694E0015BA47 /* ViewController.swift */,
				2B497A4A235D694E0015BA47 /* Main.storyboard */,
				2B497A4D235D694F0015BA47 /* Assets.xcassets */,
				2B497A4F235D694F0015BA47 /* LaunchScreen.storyboard */,
				2B497A52235D694F0015BA47 /* Info.plist */,
			);
			path = kbManagerDemo;
			sourceTree = "<group>";
		};
		2B497A5A235D694F0015BA47 /* kbManagerDemoTests */ = {
			isa = PBXGroup;
			children = (
				2B497A5B235D694F0015BA47 /* kbManagerDemoTests.swift */,
				2B497A5D235D694F0015BA47 /* Info.plist */,
			);
			path = kbManagerDemoTests;
			sourceTree = "<group>";
		};
/* End PBXGroup section */

/* Begin PBXNativeTarget section */
		2B497A42235D694E0015BA47 /* kbManagerDemo */ = {
			isa = PBXNativeTarget;
			buildConfigurationList = 2B497A60235D694F0015BA47 /* Build configuration list for PBXNativeTarget "kbManagerDemo" */;
			buildPhases = (
				2B497A3F235D694E0015BA47 /* Sources */,
				2B497A40235D694E0015BA47 /* Frameworks */,
				2B497A41235D694E0015BA47 /* Resources */,
			);
			buildRules = (
			);
			dependencies = (
			);
			name = kbManagerDemo;
			productName = kbManagerDemo;
			productReference = 2B497A43235D694E0015BA47 /* kbManagerDemo.app */;
			productType = "com.apple.product-type.application";
		};
		2B497A56235D694F0015BA47 /* kbManagerDemoTests */ = {
			isa = PBXNativeTarget;
			buildConfigurationList = 2B497A63235D694F0015BA47 /* Build configuration list for PBXNativeTarget "kbManagerDemoTests" */;
			buildPhases = (
				2B497A53235D694F0015BA47 /* Sources */,
				2B497A54235D694F0015BA47 /* Frameworks */,
				2B497A55235D694F0015BA47 /* Resources */,
			);
			buildRules = (
			);
			dependencies = (
				2B497A59235D694F0015BA47 /* PBXTargetDependency */,
			);
			name = kbManagerDemoTests;
			productName = kbManagerDemoTests;
			productReference = 2B497A57235D694F0015BA47 /* kbManagerDemoTests.xctest */;
			productType = "com.apple.product-type.bundle.unit-test";
		};
/* End PBXNativeTarget section */

/* Begin PBXProject section */
		2B497A3B235D694E0015BA47 /* Project object */ = {
			isa = PBXProject;
			attributes = {
				LastSwiftUpdateCheck = 1030;
				LastUpgradeCheck = 1030;
				ORGANIZATIONNAME = "黃柏叡";
				TargetAttributes = {
					2B497A42235D694E0015BA47 = {
						CreatedOnToolsVersion = 10.3;
					};
					2B497A56235D694F0015BA47 = {
						CreatedOnToolsVersion = 10.3;
						TestTargetID = 2B497A42235D694E0015BA47;
					};
				};
			};
			buildConfigurationList = 2B497A3E235D694E0015BA47 /* Build configuration list for PBXProject "kbManagerDemo" */;
			compatibilityVersion = "Xcode 9.3";
			developmentRegion = en;
			hasScannedForEncodings = 0;
			knownRegions = (
				en,
				Base,
			);
			mainGroup = 2B497A3A235D694E0015BA47;
			productRefGroup = 2B497A44235D694E0015BA47 /* Products */;
			projectDirPath = "";
			projectRoot = "";
			targets = (
				2B497A42235D694E0015BA47 /* kbManagerDemo */,
				2B497A56235D694F0015BA47 /* kbManagerDemoTests */,
			);
		};
/* End PBXProject section */

/* Begin PBXResourcesBuildPhase section */
		2B497A41235D694E0015BA47 /* Resources */ = {
			isa = PBXResourcesBuildPhase;
			buildActionMask = 2147483647;
			files = (
				2B497A51235D694F0015BA47 /* LaunchScreen.storyboard in Resources */,
				2B497A4E235D694F0015BA47 /* Assets.xcassets in Resources */,
				2B497A4C235D694E0015BA47 /* Main.storyboard in Resources */,
			);
			runOnlyForDeploymentPostprocessing = 0;
		};
		2B497A55235D694F0015BA47 /* Resources */ = {
			isa = PBXResourcesBuildPhase;
			buildActionMask = 2147483647;
			files = (
			);
			runOnlyForDeploymentPostprocessing = 0;
		};
/* End PBXResourcesBuildPhase section */

/* Begin PBXSourcesBuildPhase section */
		2B497A3F235D694E0015BA47 /* Sources */ = {
			isa = PBXSourcesBuildPhase;
			buildActionMask = 2147483647;
			files = (
				2B497A49235D694E0015BA47 /* ViewController.swift in Sources */,
				2B497A47235D694E0015BA47 /* AppDelegate.swift in Sources */,
			);
			runOnlyForDeploymentPostprocessing = 0;
		};
		2B497A53235D694F0015BA47 /* Sources */ = {
			isa = PBXSourcesBuildPhase;
			buildActionMask = 2147483647;
			files = (
				2B497A5C235D694F0015BA47 /* kbManagerDemoTests.swift in Sources */,
			);
			runOnlyForDeploymentPostprocessing = 0;
		};
/* End PBXSourcesBuildPhase section */

/* Begin PBXTargetDependency section */
		2B497A59235D694F0015BA47 /* PBXTargetDependency */ = {
			isa = PBXTargetDependency;
			target = 2B497A42235D694E0015BA47 /* kbManagerDemo */;
			targetProxy = 2B497A58235D694F0015BA47 /* PBXContainerItemProxy */;
		};
/* End PBXTargetDependency section */

/* Begin PBXVariantGroup section */
		2B497A4A235D694E0015BA47 /* Main.storyboard */ = {
			isa = PBXVariantGroup;
			children = (
				2B497A4B235D694E0015BA47 /* Base */,
			);
			name = Main.storyboard;
			sourceTree = "<group>";
		};
		2B497A4F235D694F0015BA47 /* LaunchScreen.storyboard */ = {
			isa = PBXVariantGroup;
			children = (
				2B497A50235D694F0015BA47 /* Base */,
			);
			name = LaunchScreen.storyboard;
			sourceTree = "<group>";
		};
/* End PBXVariantGroup section */

/* Begin XCBuildConfiguration section */
		2B497A5E235D694F0015BA47 /* Debug */ = {
			isa = XCBuildConfiguration;
			buildSettings = {
				ALWAYS_SEARCH_USER_PATHS = NO;
				CLANG_ANALYZER_NONNULL = YES;
				CLANG_ANALYZER_NUMBER_OBJECT_CONVERSION = YES_AGGRESSIVE;
				CLANG_CXX_LANGUAGE_STANDARD = "gnu++14";
				CLANG_CXX_LIBRARY = "libc++";
				CLANG_ENABLE_MODULES = YES;
				CLANG_ENABLE_OBJC_ARC = YES;
				CLANG_ENABLE_OBJC_WEAK = YES;
				CLANG_WARN_BLOCK_CAPTURE_AUTORELEASING = YES;
				CLANG_WARN_BOOL_CONVERSION = YES;
				CLANG_WARN_COMMA = YES;
				CLANG_WARN_CONSTANT_CONVERSION = YES;
				CLANG_WARN_DEPRECATED_OBJC_IMPLEMENTATIONS = YES;
				CLANG_WARN_DIRECT_OBJC_ISA_USAGE = YES_ERROR;
				CLANG_WARN_DOCUMENTATION_COMMENTS = YES;
				CLANG_WARN_EMPTY_BODY = YES;
				CLANG_WARN_ENUM_CONVERSION = YES;
				CLANG_WARN_INFINITE_RECURSION = YES;
				CLANG_WARN_INT_CONVERSION = YES;
				CLANG_WARN_NON_LITERAL_NULL_CONVERSION = YES;
				CLANG_WARN_OBJC_IMPLICIT_RETAIN_SELF = YES;
				CLANG_WARN_OBJC_LITERAL_CONVERSION = YES;
				CLANG_WARN_OBJC_ROOT_CLASS = YES_ERROR;
				CLANG_WARN_RANGE_LOOP_ANALYSIS = YES;
				CLANG_WARN_STRICT_PROTOTYPES = YES;
				CLANG_WARN_SUSPICIOUS_MOVE = YES;
				CLANG_WARN_UNGUARDED_AVAILABILITY = YES_AGGRESSIVE;
				CLANG_WARN_UNREACHABLE_CODE = YES;
				CLANG_WARN__DUPLICATE_METHOD_MATCH = YES;
				CODE_SIGN_IDENTITY = "iPhone Developer";
				COPY_PHASE_STRIP = NO;
				DEBUG_INFORMATION_FORMAT = dwarf;
				ENABLE_STRICT_OBJC_MSGSEND = YES;
				ENABLE_TESTABILITY = YES;
				GCC_C_LANGUAGE_STANDARD = gnu11;
				GCC_DYNAMIC_NO_PIC = NO;
				GCC_NO_COMMON_BLOCKS = YES;
				GCC_OPTIMIZATION_LEVEL = 0;
				GCC_PREPROCESSOR_DEFINITIONS = (
					"DEBUG=1",
					"$(inherited)",
				);
				GCC_WARN_64_TO_32_BIT_CONVERSION = YES;
				GCC_WARN_ABOUT_RETURN_TYPE = YES_ERROR;
				GCC_WARN_UNDECLARED_SELECTOR = YES;
				GCC_WARN_UNINITIALIZED_AUTOS = YES_AGGRESSIVE;
				GCC_WARN_UNUSED_FUNCTION = YES;
				GCC_WARN_UNUSED_VARIABLE = YES;
				IPHONEOS_DEPLOYMENT_TARGET = 12.4;
				MTL_ENABLE_DEBUG_INFO = INCLUDE_SOURCE;
				MTL_FAST_MATH = YES;
				ONLY_ACTIVE_ARCH = YES;
				SDKROOT = iphoneos;
				SWIFT_ACTIVE_COMPILATION_CONDITIONS = DEBUG;
				SWIFT_OPTIMIZATION_LEVEL = "-Onone";
			};
			name = Debug;
		};
		2B497A5F235D694F0015BA47 /* Release */ = {
			isa = XCBuildConfiguration;
			buildSettings = {
				ALWAYS_SEARCH_USER_PATHS = NO;
				CLANG_ANALYZER_NONNULL = YES;
				CLANG_ANALYZER_NUMBER_OBJECT_CONVERSION = YES_AGGRESSIVE;
				CLANG_CXX_LANGUAGE_STANDARD = "gnu++14";
				CLANG_CXX_LIBRARY = "libc++";
				CLANG_ENABLE_MODULES = YES;
				CLANG_ENABLE_OBJC_ARC = YES;
				CLANG_ENABLE_OBJC_WEAK = YES;
				CLANG_WARN_BLOCK_CAPTURE_AUTORELEASING = YES;
				CLANG_WARN_BOOL_CONVERSION = YES;
				CLANG_WARN_COMMA = YES;
				CLANG_WARN_CONSTANT_CONVERSION = YES;
				CLANG_WARN_DEPRECATED_OBJC_IMPLEMENTATIONS = YES;
				CLANG_WARN_DIRECT_OBJC_ISA_USAGE = YES_ERROR;
				CLANG_WARN_DOCUMENTATION_COMMENTS = YES;
				CLANG_WARN_EMPTY_BODY = YES;
				CLANG_WARN_ENUM_CONVERSION = YES;
				CLANG_WARN_INFINITE_RECURSION = YES;
				CLANG_WARN_INT_CONVERSION = YES;
				CLANG_WARN_NON_LITERAL_NULL_CONVERSION = YES;
				CLANG_WARN_OBJC_IMPLICIT_RETAIN_SELF = YES;
				CLANG_WARN_OBJC_LITERAL_CONVERSION = YES;
				CLANG_WARN_OBJC_ROOT_CLASS = YES_ERROR;
				CLANG_WARN_RANGE_LOOP_ANALYSIS = YES;
				CLANG_WARN_STRICT_PROTOTYPES = YES;
				CLANG_WARN_SUSPICIOUS_MOVE = YES;
				CLANG_WARN_UNGUARDED_AVAILABILITY = YES_AGGRESSIVE;
				CLANG_WARN_UNREACHABLE_CODE = YES;
				CLANG_WARN__DUPLICATE_METHOD_MATCH = YES;
				CODE_SIGN_IDENTITY = "iPhone Developer";
				COPY_PHASE_STRIP = NO;
				DEBUG_INFORMATION_FORMAT = "dwarf-with-dsym";
				ENABLE_NS_ASSERTIONS = NO;
				ENABLE_STRICT_OBJC_MSGSEND = YES;
				GCC_C_LANGUAGE_STANDARD = gnu11;
				GCC_NO_COMMON_BLOCKS = YES;
				GCC_WARN_64_TO_32_BIT_CONVERSION = YES;
				GCC_WARN_ABOUT_RETURN_TYPE = YES_ERROR;
				GCC_WARN_UNDECLARED_SELECTOR = YES;
				GCC_WARN_UNINITIALIZED_AUTOS = YES_AGGRESSIVE;
				GCC_WARN_UNUSED_FUNCTION = YES;
				GCC_WARN_UNUSED_VARIABLE = YES;
				IPHONEOS_DEPLOYMENT_TARGET = 12.4;
				MTL_ENABLE_DEBUG_INFO = NO;
				MTL_FAST_MATH = YES;
				SDKROOT = iphoneos;
				SWIFT_COMPILATION_MODE = wholemodule;
				SWIFT_OPTIMIZATION_LEVEL = "-O";
				VALIDATE_PRODUCT = YES;
			};
			name = Release;
		};
		2B497A61235D694F0015BA47 /* Debug */ = {
			isa = XCBuildConfiguration;
			buildSettings = {
				ASSETCATALOG_COMPILER_APPICON_NAME = AppIcon;
				CODE_SIGN_STYLE = Automatic;
				DEVELOPMENT_TEAM = BLGFD4U72P;
				INFOPLIST_FILE = kbManagerDemo/Info.plist;
				LD_RUNPATH_SEARCH_PATHS = (
					"$(inherited)",
					"@executable_path/Frameworks",
				);
				PRODUCT_BUNDLE_IDENTIFIER = com.rk.kbManagerDemo;
				PRODUCT_NAME = "$(TARGET_NAME)";
				SWIFT_VERSION = 5.0;
				TARGETED_DEVICE_FAMILY = "1,2";
			};
			name = Debug;
		};
		2B497A62235D694F0015BA47 /* Release */ = {
			isa = XCBuildConfiguration;
			buildSettings = {
				ASSETCATALOG_COMPILER_APPICON_NAME = AppIcon;
				CODE_SIGN_STYLE = Automatic;
				DEVELOPMENT_TEAM = BLGFD4U72P;
				INFOPLIST_FILE = kbManagerDemo/Info.plist;
				LD_RUNPATH_SEARCH_PATHS = (
					"$(inherited)",
					"@executable_path/Frameworks",
				);
				PRODUCT_BUNDLE_IDENTIFIER = com.rk.kbManagerDemo;
				PRODUCT_NAME = "$(TARGET_NAME)";
				SWIFT_VERSION = 5.0;
				TARGETED_DEVICE_FAMILY = "1,2";
			};
			name = Release;
		};
		2B497A64235D694F0015BA47 /* Debug */ = {
			isa = XCBuildConfiguration;
			buildSettings = {
				ALWAYS_EMBED_SWIFT_STANDARD_LIBRARIES = YES;
				BUNDLE_LOADER = "$(TEST_HOST)";
				CODE_SIGN_STYLE = Automatic;
				DEVELOPMENT_TEAM = BLGFD4U72P;
				INFOPLIST_FILE = kbManagerDemoTests/Info.plist;
				LD_RUNPATH_SEARCH_PATHS = (
					"$(inherited)",
					"@executable_path/Frameworks",
					"@loader_path/Frameworks",
				);
				PRODUCT_BUNDLE_IDENTIFIER = com.rk.kbManagerDemoTests;
				PRODUCT_NAME = "$(TARGET_NAME)";
				SWIFT_VERSION = 5.0;
				TARGETED_DEVICE_FAMILY = "1,2";
				TEST_HOST = "$(BUILT_PRODUCTS_DIR)/kbManagerDemo.app/kbManagerDemo";
			};
			name = Debug;
		};
		2B497A65235D694F0015BA47 /* Release */ = {
			isa = XCBuildConfiguration;
			buildSettings = {
				ALWAYS_EMBED_SWIFT_STANDARD_LIBRARIES = YES;
				BUNDLE_LOADER = "$(TEST_HOST)";
				CODE_SIGN_STYLE = Automatic;
				DEVELOPMENT_TEAM = BLGFD4U72P;
				INFOPLIST_FILE = kbManagerDemoTests/Info.plist;
				LD_RUNPATH_SEARCH_PATHS = (
					"$(inherited)",
					"@executable_path/Frameworks",
					"@loader_path/Frameworks",
				);
				PRODUCT_BUNDLE_IDENTIFIER = com.rk.kbManagerDemoTests;
				PRODUCT_NAME = "$(TARGET_NAME)";
				SWIFT_VERSION = 5.0;
				TARGETED_DEVICE_FAMILY = "1,2";
				TEST_HOST = "$(BUILT_PRODUCTS_DIR)/kbManagerDemo.app/kbManagerDemo";
			};
			name = Release;
		};
/* End XCBuildConfiguration section */

/* Begin XCConfigurationList section */
		2B497A3E235D694E0015BA47 /* Build configuration list for PBXProject "kbManagerDemo" */ = {
			isa = XCConfigurationList;
			buildConfigurations = (
				2B497A5E235D694F0015BA47 /* Debug */,
				2B497A5F235D694F0015BA47 /* Release */,
			);
			defaultConfigurationIsVisible = 0;
			defaultConfigurationName = Release;
		};
		2B497A60235D694F0015BA47 /* Build configuration list for PBXNativeTarget "kbManagerDemo" */ = {
			isa = XCConfigurationList;
			buildConfigurations = (
				2B497A61235D694F0015BA47 /* Debug */,
				2B497A62235D694F0015BA47 /* Release */,
			);
			defaultConfigurationIsVisible = 0;
			defaultConfigurationName = Release;
		};
		2B497A63235D694F0015BA47 /* Build configuration list for PBXNativeTarget "kbManagerDemoTests" */ = {
			isa = XCConfigurationList;
			buildConfigurations = (
				2B497A64235D694F0015BA47 /* Debug */,
				2B497A65235D694F0015BA47 /* Release */,
			);
			defaultConfigurationIsVisible = 0;
			defaultConfigurationName = Release;
		};
/* End XCConfigurationList section */
	};
	rootObject = 2B497A3B235D694E0015BA47 /* Project object */;
}
